
Microsoft Visual Studio Solution File, Format Version 12.00
# Visual Studio 15
VisualStudioVersion = 15.0.26228.4
MinimumVisualStudioVersion = 10.0.40219.1
Project("{2150E333-8FDC-42A3-9474-1A3956D46DE8}") = "src", "src", "{2C9F8047-1BE4-4D4C-BAFF-B01C721DC630}"
EndProject
Project("{2150E333-8FDC-42A3-9474-1A3956D46DE8}") = "Solution Items", "Solution Items", "{FFDD1324-BCD1-4EDF-B1DA-8422C36E2C93}"
EndProject
Project("{9A19103F-16F7-4668-BE54-9A1E7A4F7556}") = "AlexLoganIO", "src\AlexLoganIO\AlexLoganIO.csproj", "{1837423B-4369-4BE8-8B19-C9AE86A5AF77}"
EndProject
Global
	GlobalSection(SolutionConfigurationPlatforms) = preSolution
		Debug|Any CPU = Debug|Any CPU
		Release|Any CPU = Release|Any CPU
	EndGlobalSection
	GlobalSection(ProjectConfigurationPlatforms) = postSolution
		{1837423B-4369-4BE8-8B19-C9AE86A5AF77}.Debug|Any CPU.ActiveCfg = Debug|Any CPU
		{1837423B-4369-4BE8-8B19-C9AE86A5AF77}.Debug|Any CPU.Build.0 = Debug|Any CPU
		{1837423B-4369-4BE8-8B19-C9AE86A5AF77}.Release|Any CPU.ActiveCfg = Release|Any CPU
		{1837423B-4369-4BE8-8B19-C9AE86A5AF77}.Release|Any CPU.Build.0 = Release|Any CPU
	EndGlobalSection
	GlobalSection(SolutionProperties) = preSolution
		HideSolutionNode = FALSE
	EndGlobalSection
	GlobalSection(NestedProjects) = preSolution
		{1837423B-4369-4BE8-8B19-C9AE86A5AF77} = {2C9F8047-1BE4-4D4C-BAFF-B01C721DC630}
	EndGlobalSection
EndGlobal
